
Microsoft Visual Studio Solution File, Format Version 12.00
# Visual Studio Version 16
VisualStudioVersion = 16.0.29326.143
MinimumVisualStudioVersion = 10.0.40219.1
Project("{F2A71F9B-5D33-465A-A702-920D77279786}") = "Assignment01", "Assignment01.fsproj", "{8B067C08-9B6C-4DA1-913C-EC91015256FF}"
EndProject
Global
	GlobalSection(SolutionConfigurationPlatforms) = preSolution
		Debug|Any CPU = Debug|Any CPU
		Release|Any CPU = Release|Any CPU
	EndGlobalSection
	GlobalSection(ProjectConfigurationPlatforms) = postSolution
		{8B067C08-9B6C-4DA1-913C-EC91015256FF}.Debug|Any CPU.ActiveCfg = Debug|Any CPU
		{8B067C08-9B6C-4DA1-913C-EC91015256FF}.Debug|Any CPU.Build.0 = Debug|Any CPU
		{8B067C08-9B6C-4DA1-913C-EC91015256FF}.Release|Any CPU.ActiveCfg = Release|Any CPU
		{8B067C08-9B6C-4DA1-913C-EC91015256FF}.Release|Any CPU.Build.0 = Release|Any CPU
	EndGlobalSection
	GlobalSection(SolutionProperties) = preSolution
		HideSolutionNode = FALSE
	EndGlobalSection
	GlobalSection(ExtensibilityGlobals) = postSolution
		SolutionGuid = {CB7E0B3A-E714-4927-9009-099F26E753D2}
	EndGlobalSection
EndGlobal
