
Microsoft Visual Studio Solution File, Format Version 12.00
# Visual Studio Version 16
VisualStudioVersion = 16.0.29806.167
MinimumVisualStudioVersion = 10.0.40219.1
Project("{6EC3EE1D-3C4E-46DD-8F32-0CC8E7565705}") = "ThiccScrabbleBot", "ThiccScrabbleBot.fsproj", "{89F4375D-36AE-4ACC-B615-635CB4BC262F}"
EndProject
Project("{F2A71F9B-5D33-465A-A702-920D77279786}") = "ThiccTesting", "..\ThiccTesting\ThiccTesting.fsproj", "{6FC0FE17-A167-42D2-99CB-2277984147E6}"
EndProject
Global
	GlobalSection(SolutionConfigurationPlatforms) = preSolution
		Debug|Any CPU = Debug|Any CPU
		Release|Any CPU = Release|Any CPU
	EndGlobalSection
	GlobalSection(ProjectConfigurationPlatforms) = postSolution
		{89F4375D-36AE-4ACC-B615-635CB4BC262F}.Debug|Any CPU.ActiveCfg = Debug|Any CPU
		{89F4375D-36AE-4ACC-B615-635CB4BC262F}.Debug|Any CPU.Build.0 = Debug|Any CPU
		{89F4375D-36AE-4ACC-B615-635CB4BC262F}.Release|Any CPU.ActiveCfg = Release|Any CPU
		{89F4375D-36AE-4ACC-B615-635CB4BC262F}.Release|Any CPU.Build.0 = Release|Any CPU
		{6FC0FE17-A167-42D2-99CB-2277984147E6}.Debug|Any CPU.ActiveCfg = Debug|Any CPU
		{6FC0FE17-A167-42D2-99CB-2277984147E6}.Debug|Any CPU.Build.0 = Debug|Any CPU
		{6FC0FE17-A167-42D2-99CB-2277984147E6}.Release|Any CPU.ActiveCfg = Release|Any CPU
		{6FC0FE17-A167-42D2-99CB-2277984147E6}.Release|Any CPU.Build.0 = Release|Any CPU
	EndGlobalSection
	GlobalSection(SolutionProperties) = preSolution
		HideSolutionNode = FALSE
	EndGlobalSection
	GlobalSection(ExtensibilityGlobals) = postSolution
		SolutionGuid = {45E8FAB8-8DED-44F4-8079-F96BF9859D9A}
	EndGlobalSection
EndGlobal
